
Microsoft Visual Studio Solution File, Format Version 12.00
# Visual Studio Version 17
VisualStudioVersion = 17.5.33516.290
MinimumVisualStudioVersion = 10.0.40219.1
Project("{FAE04EC0-301F-11D3-BF4B-00C04F79EFBC}") = "RevitAPILabTaskNumberOfPipesOnTheActiveView", "RevitAPILabTaskNumberOfPipesOnTheActiveView\RevitAPILabTaskNumberOfPipesOnTheActiveView.csproj", "{A294057D-E250-441E-8E6B-9CE782263D68}"
EndProject
Global
	GlobalSection(SolutionConfigurationPlatforms) = preSolution
		Debug|Any CPU = Debug|Any CPU
		Release|Any CPU = Release|Any CPU
	EndGlobalSection
	GlobalSection(ProjectConfigurationPlatforms) = postSolution
		{A294057D-E250-441E-8E6B-9CE782263D68}.Debug|Any CPU.ActiveCfg = Debug|Any CPU
		{A294057D-E250-441E-8E6B-9CE782263D68}.Debug|Any CPU.Build.0 = Debug|Any CPU
		{A294057D-E250-441E-8E6B-9CE782263D68}.Release|Any CPU.ActiveCfg = Release|Any CPU
		{A294057D-E250-441E-8E6B-9CE782263D68}.Release|Any CPU.Build.0 = Release|Any CPU
	EndGlobalSection
	GlobalSection(SolutionProperties) = preSolution
		HideSolutionNode = FALSE
	EndGlobalSection
	GlobalSection(ExtensibilityGlobals) = postSolution
		SolutionGuid = {E676AD8B-A6CD-472B-972E-91D3169C06B8}
	EndGlobalSection
EndGlobal
